Microsoft Visual Studio Solution File, Format Version 11.00
# Visual Studio 2008

Project("{369C7158-5059-6CB8-3C4E-F1571205B265}") = "Hold o top 0.0.6v", "Assembly-CSharp.csproj", "{66B77F55-EB57-632F-979D-A38EA2A6116B}"
EndProject
Global
	GlobalSection(SolutionConfigurationPlatforms) = preSolution
		Debug|Any CPU = Debug|Any CPU
		Release|Any CPU = Release|Any CPU
	EndGlobalSection
	GlobalSection(ProjectConfigurationPlatforms) = postSolution
		{66B77F55-EB57-632F-979D-A38EA2A6116B}.Debug|Any CPU.ActiveCfg = Debug|Any CPU
		{66B77F55-EB57-632F-979D-A38EA2A6116B}.Debug|Any CPU.Build.0 = Debug|Any CPU
		{66B77F55-EB57-632F-979D-A38EA2A6116B}.Release|Any CPU.ActiveCfg = Release|Any CPU
		{66B77F55-EB57-632F-979D-A38EA2A6116B}.Release|Any CPU.Build.0 = Release|Any CPU
	EndGlobalSection
	GlobalSection(SolutionProperties) = preSolution
		HideSolutionNode = FALSE
	EndGlobalSection
	GlobalSection(MonoDevelopProperties) = preSolution
		StartupItem = Assembly-CSharp.csproj
	EndGlobalSection
EndGlobal
